<?xml version="1.0" encoding="utf-8"?>
<Project ToolsVersion="4.0" xmlns="http://schemas.microsoft.com/developer/msbuild/2003">
  <ItemGroup>
    <Filter Include="Resource Files">
      <UniqueIdentifier>{84e355f2-61d3-41ea-9f99-1d9e910f4f8b}</UniqueIdentifier>
      <Extensions>ico;cur;bmp;dlg;rc2;rct;bin;cnt;rtf;gif;jpg;jpeg;jpe</Extensions>
    </Filter>
    <Filter Include="UserInterface">
      <UniqueIdentifier>{537ed171-bc56-458f-8140-00c4d6d62ff2}</UniqueIdentifier>
    </Filter>
    <Filter Include="UserInterface\DynamicWindow">
      <UniqueIdentifier>{0ece4f12-5986-4a55-9ce9-ee874d899aef}</UniqueIdentifier>
    </Filter>
    <Filter Include="Components">
      <UniqueIdentifier>{f1bbb477-c367-426d-a77a-ed88448ae9cd}</UniqueIdentifier>
    </Filter>
    <Filter Include="NewFiles">
      <UniqueIdentifier>{67ade2ce-16df-4232-93d0-366aeeb4feb6}</UniqueIdentifier>
      <Extensions>*.cpp;*.h</Extensions>
    </Filter>
  </ItemGroup>
  <ItemGroup>
    <Image Include="res\errortype.bmp">
      <Filter>Resource Files</Filter>
    </Image>
    <Image Include="res\test_type.bmp">
      <Filter>Resource Files</Filter>
    </Image>
    <Image Include="res\tfwkui_r.bmp">
      <Filter>Resource Files</Filter>
    </Image>
  </ItemGroup>
  <ItemGroup>
    <ClCompile Include="DynamicWindow\cdxCDynamicBar.cpp">
      <Filter>UserInterface\DynamicWindow</Filter>
    </ClCompile>
    <ClCompile Include="DynamicWindow\cdxCDynamicControlsManager.cpp">
      <Filter>UserInterface\DynamicWindow</Filter>
    </ClCompile>
    <ClCompile Include="DynamicWindow\cdxCDynamicDialog.cpp">
      <Filter>UserInterface\DynamicWindow</Filter>
    </ClCompile>
    <ClCompile Include="DynamicWindow\cdxCDynamicFormView.cpp">
      <Filter>UserInterface\DynamicWindow</Filter>
    </ClCompile>
    <ClCompile Include="DynamicWindow\cdxCDynamicPropSheet.cpp">
      <Filter>UserInterface\DynamicWindow</Filter>
    </ClCompile>
    <ClCompile Include="DynamicWindow\cdxCDynamicWnd.cpp">
      <Filter>UserInterface\DynamicWindow</Filter>
    </ClCompile>
    <ClCompile Include="DynamicWindow\cdxCDynamicWndEx.cpp">
      <Filter>UserInterface\DynamicWindow</Filter>
    </ClCompile>
    <ClCompile Include="DynamicWindow\cdxCSizeIconCtrl.cpp">
      <Filter>UserInterface\DynamicWindow</Filter>
    </ClCompile>
    <ClCompile Include="DynamicWindow\SizeCBar.cpp">
      <Filter>UserInterface\DynamicWindow</Filter>
    </ClCompile>
    <ClCompile Include="ListCtrlFormatter.cpp">
      <Filter>UserInterface</Filter>
    </ClCompile>
    <ClCompile Include="ListCtrlSetter.cpp">
      <Filter>UserInterface</Filter>
    </ClCompile>
    <ClCompile Include="MsDevCallerListCtrl.cpp">
      <Filter>UserInterface</Filter>
    </ClCompile>
    <ClCompile Include="ProgressBar.cpp">
      <Filter>UserInterface</Filter>
    </ClCompile>
    <ClCompile Include="ResourceLoaders.cpp">
      <Filter>UserInterface</Filter>
    </ClCompile>
    <ClCompile Include="StdAfx.cpp">
      <Filter>UserInterface</Filter>
    </ClCompile>
    <ClCompile Include="TestRunnerApp.cpp">
      <Filter>UserInterface</Filter>
    </ClCompile>
    <ClCompile Include="TestRunnerDlg.cpp">
      <Filter>UserInterface</Filter>
    </ClCompile>
    <ClCompile Include="TreeHierarchyDlg.cpp">
      <Filter>UserInterface</Filter>
    </ClCompile>
    <ClCompile Include="ActiveTest.cpp">
      <Filter>Components</Filter>
    </ClCompile>
    <ClCompile Include="MfcTestRunner.cpp">
      <Filter>Components</Filter>
    </ClCompile>
    <ClCompile Include="TestRunnerModel.cpp">
      <Filter>Components</Filter>
    </ClCompile>
    <ClCompile Include="MostRecentTests.cpp">
      <Filter>NewFiles</Filter>
    </ClCompile>
    <ClCompile Include="..\..\..\include\msvc6\DSPlugin\TestRunnerDSPluginVC6_i.c">
      <Filter>NewFiles</Filter>
    </ClCompile>
  </ItemGroup>
  <ItemGroup>
    <ClInclude Include="DynamicWindow\cdxCDynamicBar.h">
      <Filter>UserInterface\DynamicWindow</Filter>
    </ClInclude>
    <ClInclude Include="DynamicWindow\cdxCDynamicControlsManager.h">
      <Filter>UserInterface\DynamicWindow</Filter>
    </ClInclude>
    <ClInclude Include="DynamicWindow\cdxCDynamicDialog.h">
      <Filter>UserInterface\DynamicWindow</Filter>
    </ClInclude>
    <ClInclude Include="DynamicWindow\cdxCDynamicFormView.h">
      <Filter>UserInterface\DynamicWindow</Filter>
    </ClInclude>
    <ClInclude Include="DynamicWindow\cdxCDynamicPropSheet.h">
      <Filter>UserInterface\DynamicWindow</Filter>
    </ClInclude>
    <ClInclude Include="DynamicWindow\cdxCDynamicWnd.h">
      <Filter>UserInterface\DynamicWindow</Filter>
    </ClInclude>
    <ClInclude Include="DynamicWindow\cdxCDynamicWndEx.h">
      <Filter>UserInterface\DynamicWindow</Filter>
    </ClInclude>
    <ClInclude Include="DynamicWindow\cdxCSizeIconCtrl.h">
      <Filter>UserInterface\DynamicWindow</Filter>
    </ClInclude>
    <ClInclude Include="DynamicWindow\SizeCBar.h">
      <Filter>UserInterface\DynamicWindow</Filter>
    </ClInclude>
    <ClInclude Include="ListCtrlFormatter.h">
      <Filter>UserInterface</Filter>
    </ClInclude>
    <ClInclude Include="ListCtrlSetter.h">
      <Filter>UserInterface</Filter>
    </ClInclude>
    <ClInclude Include="MsDevCallerListCtrl.h">
      <Filter>UserInterface</Filter>
    </ClInclude>
    <ClInclude Include="ProgressBar.h">
      <Filter>UserInterface</Filter>
    </ClInclude>
    <ClInclude Include="Resource.h">
      <Filter>UserInterface</Filter>
    </ClInclude>
    <ClInclude Include="ResourceLoaders.h">
      <Filter>UserInterface</Filter>
    </ClInclude>
    <ClInclude Include="StdAfx.h">
      <Filter>UserInterface</Filter>
    </ClInclude>
    <ClInclude Include="TestRunnerApp.h">
      <Filter>UserInterface</Filter>
    </ClInclude>
    <ClInclude Include="TestRunnerDlg.h">
      <Filter>UserInterface</Filter>
    </ClInclude>
    <ClInclude Include="TreeHierarchyDlg.h">
      <Filter>UserInterface</Filter>
    </ClInclude>
    <ClInclude Include="ActiveTest.h">
      <Filter>Components</Filter>
    </ClInclude>
    <ClInclude Include="MfcSynchronizationObject.h">
      <Filter>Components</Filter>
    </ClInclude>
    <ClInclude Include="..\..\..\include\cppunit\ui\mfc\MfcTestRunner.h">
      <Filter>Components</Filter>
    </ClInclude>
    <ClInclude Include="..\..\..\include\cppunit\ui\mfc\TestRunner.h">
      <Filter>Components</Filter>
    </ClInclude>
    <ClInclude Include="..\..\..\include\msvc6\testrunner\TestRunner.h">
      <Filter>Components</Filter>
    </ClInclude>
    <ClInclude Include="TestRunnerModel.h">
      <Filter>Components</Filter>
    </ClInclude>
    <ClInclude Include="MostRecentTests.h">
      <Filter>NewFiles</Filter>
    </ClInclude>
  </ItemGroup>
  <ItemGroup>
    <ResourceCompile Include="TestRunner.rc">
      <Filter>UserInterface</Filter>
    </ResourceCompile>
  </ItemGroup>
  <ItemGroup>
    <Text Include="ReadMe.txt" />
  </ItemGroup>
  <ItemGroup>
    <CustomBuild Include="res\TestRunner.rc2">
      <Filter>Resource Files</Filter>
    </CustomBuild>
    <CustomBuild Include="TestRunner.def">
      <Filter>UserInterface</Filter>
    </CustomBuild>
  </ItemGroup>
</Project>