
Microsoft Visual Studio Solution File, Format Version 12.00
# Visual Studio 2013
VisualStudioVersion = 12.0.30723.0
MinimumVisualStudioVersion = 10.0.40219.1
Project("{8BC9CEB8-8B4A-11D0-8D11-00A0C91BC942}") = "DSPlugIn", "msvc6\DSPlugIn\DSPlugIn.vcxproj", "{462F13BC-4954-495E-9CF6-7E4A978B54AA}"
EndProject
Project("{8BC9CEB8-8B4A-11D0-8D11-00A0C91BC942}") = "DllPlugInTester", "DllPlugInTester\DllPlugInTester.vcxproj", "{CED87815-1212-4BBE-9F22-D5EB6EE201E3}"
EndProject
Project("{8BC9CEB8-8B4A-11D0-8D11-00A0C91BC942}") = "TestPlugInRunner", "msvc6\testpluginrunner\TestPlugInRunner.vcxproj", "{A9980ADC-6CBE-45EF-861B-E4B99C0EB1B7}"
EndProject
Project("{8BC9CEB8-8B4A-11D0-8D11-00A0C91BC942}") = "TestRunner", "msvc6\testrunner\TestRunner.vcxproj", "{9FF28ECC-CBEF-4B3E-B4BB-DA8C14BB9E60}"
EndProject
Project("{8BC9CEB8-8B4A-11D0-8D11-00A0C91BC942}") = "cppunit", "cppunit\cppunit.vcxproj", "{E39947CC-1AE7-4126-ADE1-A94FA09F1F55}"
EndProject
Project("{8BC9CEB8-8B4A-11D0-8D11-00A0C91BC942}") = "cppunit_dll", "cppunit\cppunit_dll.vcxproj", "{F12A05F8-7FC4-446B-97DD-FB1F4DD09FB8}"
EndProject
Project("{8BC9CEB8-8B4A-11D0-8D11-00A0C91BC942}") = "Utilities", "Utilities\Utilities.vcxproj", "{71ED7AA9-43DC-4E07-8CAD-8698019580F2}"
EndProject
Global
	GlobalSection(SolutionConfigurationPlatforms) = preSolution
		Debug Static|Win32 = Debug Static|Win32
		Debug Unicode|Win32 = Debug Unicode|Win32
		Debug|Win32 = Debug|Win32
		Release Static|Win32 = Release Static|Win32
		Release Unicode|Win32 = Release Unicode|Win32
		Release|Win32 = Release|Win32
		Template|Win32 = Template|Win32
	EndGlobalSection
	GlobalSection(ProjectConfigurationPlatforms) = postSolution
		{462F13BC-4954-495E-9CF6-7E4A978B54AA}.Debug Static|Win32.ActiveCfg = Debug Unicode|Win32
		{462F13BC-4954-495E-9CF6-7E4A978B54AA}.Debug Static|Win32.Build.0 = Debug Unicode|Win32
		{462F13BC-4954-495E-9CF6-7E4A978B54AA}.Debug Unicode|Win32.ActiveCfg = Debug Unicode|Win32
		{462F13BC-4954-495E-9CF6-7E4A978B54AA}.Debug Unicode|Win32.Build.0 = Debug Unicode|Win32
		{462F13BC-4954-495E-9CF6-7E4A978B54AA}.Debug|Win32.ActiveCfg = Debug|Win32
		{462F13BC-4954-495E-9CF6-7E4A978B54AA}.Debug|Win32.Build.0 = Debug|Win32
		{462F13BC-4954-495E-9CF6-7E4A978B54AA}.Release Static|Win32.ActiveCfg = Release Unicode|Win32
		{462F13BC-4954-495E-9CF6-7E4A978B54AA}.Release Static|Win32.Build.0 = Release Unicode|Win32
		{462F13BC-4954-495E-9CF6-7E4A978B54AA}.Release Unicode|Win32.ActiveCfg = Release Unicode|Win32
		{462F13BC-4954-495E-9CF6-7E4A978B54AA}.Release Unicode|Win32.Build.0 = Release Unicode|Win32
		{462F13BC-4954-495E-9CF6-7E4A978B54AA}.Release|Win32.ActiveCfg = Release|Win32
		{462F13BC-4954-495E-9CF6-7E4A978B54AA}.Release|Win32.Build.0 = Release|Win32
		{462F13BC-4954-495E-9CF6-7E4A978B54AA}.Template|Win32.ActiveCfg = Release Unicode|Win32
		{462F13BC-4954-495E-9CF6-7E4A978B54AA}.Template|Win32.Build.0 = Release Unicode|Win32
		{CED87815-1212-4BBE-9F22-D5EB6EE201E3}.Debug Static|Win32.ActiveCfg = Debug Static|Win32
		{CED87815-1212-4BBE-9F22-D5EB6EE201E3}.Debug Static|Win32.Build.0 = Debug Static|Win32
		{CED87815-1212-4BBE-9F22-D5EB6EE201E3}.Debug Unicode|Win32.ActiveCfg = Debug Unicode|Win32
		{CED87815-1212-4BBE-9F22-D5EB6EE201E3}.Debug Unicode|Win32.Build.0 = Debug Unicode|Win32
		{CED87815-1212-4BBE-9F22-D5EB6EE201E3}.Debug|Win32.ActiveCfg = Debug|Win32
		{CED87815-1212-4BBE-9F22-D5EB6EE201E3}.Debug|Win32.Build.0 = Debug|Win32
		{CED87815-1212-4BBE-9F22-D5EB6EE201E3}.Release Static|Win32.ActiveCfg = Release Static|Win32
		{CED87815-1212-4BBE-9F22-D5EB6EE201E3}.Release Static|Win32.Build.0 = Release Static|Win32
		{CED87815-1212-4BBE-9F22-D5EB6EE201E3}.Release Unicode|Win32.ActiveCfg = Release Unicode|Win32
		{CED87815-1212-4BBE-9F22-D5EB6EE201E3}.Release Unicode|Win32.Build.0 = Release Unicode|Win32
		{CED87815-1212-4BBE-9F22-D5EB6EE201E3}.Release|Win32.ActiveCfg = Release|Win32
		{CED87815-1212-4BBE-9F22-D5EB6EE201E3}.Release|Win32.Build.0 = Release|Win32
		{CED87815-1212-4BBE-9F22-D5EB6EE201E3}.Template|Win32.ActiveCfg = Template|Win32
		{CED87815-1212-4BBE-9F22-D5EB6EE201E3}.Template|Win32.Build.0 = Template|Win32
		{A9980ADC-6CBE-45EF-861B-E4B99C0EB1B7}.Debug Static|Win32.ActiveCfg = Debug|Win32
		{A9980ADC-6CBE-45EF-861B-E4B99C0EB1B7}.Debug Static|Win32.Build.0 = Debug|Win32
		{A9980ADC-6CBE-45EF-861B-E4B99C0EB1B7}.Debug Unicode|Win32.ActiveCfg = Debug|Win32
		{A9980ADC-6CBE-45EF-861B-E4B99C0EB1B7}.Debug Unicode|Win32.Build.0 = Debug|Win32
		{A9980ADC-6CBE-45EF-861B-E4B99C0EB1B7}.Debug|Win32.ActiveCfg = Debug|Win32
		{A9980ADC-6CBE-45EF-861B-E4B99C0EB1B7}.Debug|Win32.Build.0 = Debug|Win32
		{A9980ADC-6CBE-45EF-861B-E4B99C0EB1B7}.Release Static|Win32.ActiveCfg = Release|Win32
		{A9980ADC-6CBE-45EF-861B-E4B99C0EB1B7}.Release Static|Win32.Build.0 = Release|Win32
		{A9980ADC-6CBE-45EF-861B-E4B99C0EB1B7}.Release Unicode|Win32.ActiveCfg = Release|Win32
		{A9980ADC-6CBE-45EF-861B-E4B99C0EB1B7}.Release Unicode|Win32.Build.0 = Release|Win32
		{A9980ADC-6CBE-45EF-861B-E4B99C0EB1B7}.Release|Win32.ActiveCfg = Release|Win32
		{A9980ADC-6CBE-45EF-861B-E4B99C0EB1B7}.Release|Win32.Build.0 = Release|Win32
		{A9980ADC-6CBE-45EF-861B-E4B99C0EB1B7}.Template|Win32.ActiveCfg = Template|Win32
		{A9980ADC-6CBE-45EF-861B-E4B99C0EB1B7}.Template|Win32.Build.0 = Template|Win32
		{9FF28ECC-CBEF-4B3E-B4BB-DA8C14BB9E60}.Debug Static|Win32.ActiveCfg = Debug Unicode|Win32
		{9FF28ECC-CBEF-4B3E-B4BB-DA8C14BB9E60}.Debug Static|Win32.Build.0 = Debug Unicode|Win32
		{9FF28ECC-CBEF-4B3E-B4BB-DA8C14BB9E60}.Debug Unicode|Win32.ActiveCfg = Debug Unicode|Win32
		{9FF28ECC-CBEF-4B3E-B4BB-DA8C14BB9E60}.Debug Unicode|Win32.Build.0 = Debug Unicode|Win32
		{9FF28ECC-CBEF-4B3E-B4BB-DA8C14BB9E60}.Debug|Win32.ActiveCfg = Debug|Win32
		{9FF28ECC-CBEF-4B3E-B4BB-DA8C14BB9E60}.Debug|Win32.Build.0 = Debug|Win32
		{9FF28ECC-CBEF-4B3E-B4BB-DA8C14BB9E60}.Release Static|Win32.ActiveCfg = Release Unicode|Win32
		{9FF28ECC-CBEF-4B3E-B4BB-DA8C14BB9E60}.Release Static|Win32.Build.0 = Release Unicode|Win32
		{9FF28ECC-CBEF-4B3E-B4BB-DA8C14BB9E60}.Release Unicode|Win32.ActiveCfg = Release Unicode|Win32
		{9FF28ECC-CBEF-4B3E-B4BB-DA8C14BB9E60}.Release Unicode|Win32.Build.0 = Release Unicode|Win32
		{9FF28ECC-CBEF-4B3E-B4BB-DA8C14BB9E60}.Release|Win32.ActiveCfg = Release|Win32
		{9FF28ECC-CBEF-4B3E-B4BB-DA8C14BB9E60}.Release|Win32.Build.0 = Release|Win32
		{9FF28ECC-CBEF-4B3E-B4BB-DA8C14BB9E60}.Template|Win32.ActiveCfg = Template|Win32
		{9FF28ECC-CBEF-4B3E-B4BB-DA8C14BB9E60}.Template|Win32.Build.0 = Template|Win32
		{E39947CC-1AE7-4126-ADE1-A94FA09F1F55}.Debug Static|Win32.ActiveCfg = Debug|Win32
		{E39947CC-1AE7-4126-ADE1-A94FA09F1F55}.Debug Static|Win32.Build.0 = Debug|Win32
		{E39947CC-1AE7-4126-ADE1-A94FA09F1F55}.Debug Unicode|Win32.ActiveCfg = Debug|Win32
		{E39947CC-1AE7-4126-ADE1-A94FA09F1F55}.Debug Unicode|Win32.Build.0 = Debug|Win32
		{E39947CC-1AE7-4126-ADE1-A94FA09F1F55}.Debug|Win32.ActiveCfg = Debug|Win32
		{E39947CC-1AE7-4126-ADE1-A94FA09F1F55}.Debug|Win32.Build.0 = Debug|Win32
		{E39947CC-1AE7-4126-ADE1-A94FA09F1F55}.Release Static|Win32.ActiveCfg = Release|Win32
		{E39947CC-1AE7-4126-ADE1-A94FA09F1F55}.Release Static|Win32.Build.0 = Release|Win32
		{E39947CC-1AE7-4126-ADE1-A94FA09F1F55}.Release Unicode|Win32.ActiveCfg = Release|Win32
		{E39947CC-1AE7-4126-ADE1-A94FA09F1F55}.Release Unicode|Win32.Build.0 = Release|Win32
		{E39947CC-1AE7-4126-ADE1-A94FA09F1F55}.Release|Win32.ActiveCfg = Release|Win32
		{E39947CC-1AE7-4126-ADE1-A94FA09F1F55}.Release|Win32.Build.0 = Release|Win32
		{E39947CC-1AE7-4126-ADE1-A94FA09F1F55}.Template|Win32.ActiveCfg = Template|Win32
		{E39947CC-1AE7-4126-ADE1-A94FA09F1F55}.Template|Win32.Build.0 = Template|Win32
		{F12A05F8-7FC4-446B-97DD-FB1F4DD09FB8}.Debug Static|Win32.ActiveCfg = Debug|Win32
		{F12A05F8-7FC4-446B-97DD-FB1F4DD09FB8}.Debug Static|Win32.Build.0 = Debug|Win32
		{F12A05F8-7FC4-446B-97DD-FB1F4DD09FB8}.Debug Unicode|Win32.ActiveCfg = Debug|Win32
		{F12A05F8-7FC4-446B-97DD-FB1F4DD09FB8}.Debug Unicode|Win32.Build.0 = Debug|Win32
		{F12A05F8-7FC4-446B-97DD-FB1F4DD09FB8}.Debug|Win32.ActiveCfg = Debug|Win32
		{F12A05F8-7FC4-446B-97DD-FB1F4DD09FB8}.Debug|Win32.Build.0 = Debug|Win32
		{F12A05F8-7FC4-446B-97DD-FB1F4DD09FB8}.Release Static|Win32.ActiveCfg = Release|Win32
		{F12A05F8-7FC4-446B-97DD-FB1F4DD09FB8}.Release Static|Win32.Build.0 = Release|Win32
		{F12A05F8-7FC4-446B-97DD-FB1F4DD09FB8}.Release Unicode|Win32.ActiveCfg = Release|Win32
		{F12A05F8-7FC4-446B-97DD-FB1F4DD09FB8}.Release Unicode|Win32.Build.0 = Release|Win32
		{F12A05F8-7FC4-446B-97DD-FB1F4DD09FB8}.Release|Win32.ActiveCfg = Release|Win32
		{F12A05F8-7FC4-446B-97DD-FB1F4DD09FB8}.Release|Win32.Build.0 = Release|Win32
		{F12A05F8-7FC4-446B-97DD-FB1F4DD09FB8}.Template|Win32.ActiveCfg = Template|Win32
		{F12A05F8-7FC4-446B-97DD-FB1F4DD09FB8}.Template|Win32.Build.0 = Template|Win32
		{71ED7AA9-43DC-4E07-8CAD-8698019580F2}.Debug Static|Win32.ActiveCfg = Debug|Win32
		{71ED7AA9-43DC-4E07-8CAD-8698019580F2}.Debug Static|Win32.Build.0 = Debug|Win32
		{71ED7AA9-43DC-4E07-8CAD-8698019580F2}.Debug Unicode|Win32.ActiveCfg = Debug|Win32
		{71ED7AA9-43DC-4E07-8CAD-8698019580F2}.Debug Unicode|Win32.Build.0 = Debug|Win32
		{71ED7AA9-43DC-4E07-8CAD-8698019580F2}.Debug|Win32.ActiveCfg = Debug|Win32
		{71ED7AA9-43DC-4E07-8CAD-8698019580F2}.Debug|Win32.Build.0 = Debug|Win32
		{71ED7AA9-43DC-4E07-8CAD-8698019580F2}.Release Static|Win32.ActiveCfg = Release|Win32
		{71ED7AA9-43DC-4E07-8CAD-8698019580F2}.Release Static|Win32.Build.0 = Release|Win32
		{71ED7AA9-43DC-4E07-8CAD-8698019580F2}.Release Unicode|Win32.ActiveCfg = Release|Win32
		{71ED7AA9-43DC-4E07-8CAD-8698019580F2}.Release Unicode|Win32.Build.0 = Release|Win32
		{71ED7AA9-43DC-4E07-8CAD-8698019580F2}.Release|Win32.ActiveCfg = Release|Win32
		{71ED7AA9-43DC-4E07-8CAD-8698019580F2}.Release|Win32.Build.0 = Release|Win32
		{71ED7AA9-43DC-4E07-8CAD-8698019580F2}.Template|Win32.ActiveCfg = Release|Win32
		{71ED7AA9-43DC-4E07-8CAD-8698019580F2}.Template|Win32.Build.0 = Release|Win32
	EndGlobalSection
	GlobalSection(SolutionProperties) = preSolution
		HideSolutionNode = FALSE
	EndGlobalSection
EndGlobal
