<?xml version="1.0" encoding="utf-8"?>
<Project ToolsVersion="4.0" xmlns="http://schemas.microsoft.com/developer/msbuild/2003">
  <ItemGroup>
    <Filter Include="documentation">
      <UniqueIdentifier>{3f9ee115-cc46-4946-8260-3f254a7087d9}</UniqueIdentifier>
    </Filter>
    <Filter Include="listener">
      <UniqueIdentifier>{7852f85a-5fed-4d92-b88d-0b8f2eb105d8}</UniqueIdentifier>
    </Filter>
    <Filter Include="textui">
      <UniqueIdentifier>{cb545f16-d7a1-47ce-83a7-09b7285722aa}</UniqueIdentifier>
    </Filter>
    <Filter Include="portability">
      <UniqueIdentifier>{4d303014-3973-411a-931b-8138122c55b6}</UniqueIdentifier>
    </Filter>
    <Filter Include="output">
      <UniqueIdentifier>{88596268-dda6-415e-981a-961f8d720217}</UniqueIdentifier>
    </Filter>
    <Filter Include="core">
      <UniqueIdentifier>{582281f5-87f4-4d28-a138-a16338f81428}</UniqueIdentifier>
    </Filter>
    <Filter Include="helper">
      <UniqueIdentifier>{9d9f6f31-f866-4f5f-b02e-cd828c7cd476}</UniqueIdentifier>
    </Filter>
    <Filter Include="extension">
      <UniqueIdentifier>{6d9a331f-ad7d-4c27-a40c-8bef59da5f95}</UniqueIdentifier>
    </Filter>
    <Filter Include="plugin">
      <UniqueIdentifier>{01807e64-487f-4efc-aa20-f4d032bbf97f}</UniqueIdentifier>
    </Filter>
    <Filter Include="tools">
      <UniqueIdentifier>{b25be4cc-aae3-4ac6-bc2b-3fc821ce8db8}</UniqueIdentifier>
    </Filter>
    <Filter Include="protector">
      <UniqueIdentifier>{c7389337-fa89-4a43-b9d2-0e9d84808c50}</UniqueIdentifier>
    </Filter>
  </ItemGroup>
  <ItemGroup>
    <Text Include="..\..\CodingGuideLines.txt">
      <Filter>documentation</Filter>
    </Text>
    <Text Include="..\..\INSTALL-WIN32.txt">
      <Filter>documentation</Filter>
    </Text>
  </ItemGroup>
  <ItemGroup>
    <ClCompile Include="BriefTestProgressListener.cpp">
      <Filter>listener</Filter>
    </ClCompile>
    <ClCompile Include="TestResultCollector.cpp">
      <Filter>listener</Filter>
    </ClCompile>
    <ClCompile Include="TestSuccessListener.cpp">
      <Filter>listener</Filter>
    </ClCompile>
    <ClCompile Include="TextTestProgressListener.cpp">
      <Filter>listener</Filter>
    </ClCompile>
    <ClCompile Include="TextTestResult.cpp">
      <Filter>listener</Filter>
    </ClCompile>
    <ClCompile Include="TextTestRunner.cpp">
      <Filter>textui</Filter>
    </ClCompile>
    <ClCompile Include="CompilerOutputter.cpp">
      <Filter>output</Filter>
    </ClCompile>
    <ClCompile Include="TextOutputter.cpp">
      <Filter>output</Filter>
    </ClCompile>
    <ClCompile Include="XmlOutputter.cpp">
      <Filter>output</Filter>
    </ClCompile>
    <ClCompile Include="XmlOutputterHook.cpp">
      <Filter>output</Filter>
    </ClCompile>
    <ClCompile Include="AdditionalMessage.cpp">
      <Filter>core</Filter>
    </ClCompile>
    <ClCompile Include="Asserter.cpp">
      <Filter>core</Filter>
    </ClCompile>
    <ClCompile Include="Exception.cpp">
      <Filter>core</Filter>
    </ClCompile>
    <ClCompile Include="Message.cpp">
      <Filter>core</Filter>
    </ClCompile>
    <ClCompile Include="SourceLine.cpp">
      <Filter>core</Filter>
    </ClCompile>
    <ClCompile Include="SynchronizedObject.cpp">
      <Filter>core</Filter>
    </ClCompile>
    <ClCompile Include="Test.cpp">
      <Filter>core</Filter>
    </ClCompile>
    <ClCompile Include="TestAssert.cpp">
      <Filter>core</Filter>
    </ClCompile>
    <ClCompile Include="TestCase.cpp">
      <Filter>core</Filter>
    </ClCompile>
    <ClCompile Include="TestComposite.cpp">
      <Filter>core</Filter>
    </ClCompile>
    <ClCompile Include="TestFailure.cpp">
      <Filter>core</Filter>
    </ClCompile>
    <ClCompile Include="TestLeaf.cpp">
      <Filter>core</Filter>
    </ClCompile>
    <ClCompile Include="TestPath.cpp">
      <Filter>core</Filter>
    </ClCompile>
    <ClCompile Include="TestResult.cpp">
      <Filter>core</Filter>
    </ClCompile>
    <ClCompile Include="TestRunner.cpp">
      <Filter>core</Filter>
    </ClCompile>
    <ClCompile Include="TestSuite.cpp">
      <Filter>core</Filter>
    </ClCompile>
    <ClCompile Include="TestFactoryRegistry.cpp">
      <Filter>helper</Filter>
    </ClCompile>
    <ClCompile Include="TestNamer.cpp">
      <Filter>helper</Filter>
    </ClCompile>
    <ClCompile Include="TestSuiteBuilderContext.cpp">
      <Filter>helper</Filter>
    </ClCompile>
    <ClCompile Include="TypeInfoHelper.cpp">
      <Filter>helper</Filter>
    </ClCompile>
    <ClCompile Include="RepeatedTest.cpp">
      <Filter>extension</Filter>
    </ClCompile>
    <ClCompile Include="TestCaseDecorator.cpp">
      <Filter>extension</Filter>
    </ClCompile>
    <ClCompile Include="TestDecorator.cpp">
      <Filter>extension</Filter>
    </ClCompile>
    <ClCompile Include="TestSetUp.cpp">
      <Filter>extension</Filter>
    </ClCompile>
    <ClCompile Include="BeOsDynamicLibraryManager.cpp">
      <Filter>plugin</Filter>
    </ClCompile>
    <ClCompile Include="DynamicLibraryManager.cpp">
      <Filter>plugin</Filter>
    </ClCompile>
    <ClCompile Include="DynamicLibraryManagerException.cpp">
      <Filter>plugin</Filter>
    </ClCompile>
    <ClCompile Include="PlugInManager.cpp">
      <Filter>plugin</Filter>
    </ClCompile>
    <ClCompile Include="PlugInParameters.cpp">
      <Filter>plugin</Filter>
    </ClCompile>
    <ClCompile Include="ShlDynamicLibraryManager.cpp">
      <Filter>plugin</Filter>
    </ClCompile>
    <ClCompile Include="TestPlugInDefaultImpl.cpp">
      <Filter>plugin</Filter>
    </ClCompile>
    <ClCompile Include="UnixDynamicLibraryManager.cpp">
      <Filter>plugin</Filter>
    </ClCompile>
    <ClCompile Include="Win32DynamicLibraryManager.cpp">
      <Filter>plugin</Filter>
    </ClCompile>
    <ClCompile Include="StringTools.cpp">
      <Filter>tools</Filter>
    </ClCompile>
    <ClCompile Include="XmlDocument.cpp">
      <Filter>tools</Filter>
    </ClCompile>
    <ClCompile Include="XmlElement.cpp">
      <Filter>tools</Filter>
    </ClCompile>
    <ClCompile Include="DefaultProtector.cpp">
      <Filter>protector</Filter>
    </ClCompile>
    <ClCompile Include="Protector.cpp">
      <Filter>protector</Filter>
    </ClCompile>
    <ClCompile Include="ProtectorChain.cpp">
      <Filter>protector</Filter>
    </ClCompile>
  </ItemGroup>
  <ItemGroup>
    <ClInclude Include="..\..\include\cppunit\BriefTestProgressListener.h">
      <Filter>listener</Filter>
    </ClInclude>
    <ClInclude Include="..\..\include\cppunit\TestResultCollector.h">
      <Filter>listener</Filter>
    </ClInclude>
    <ClInclude Include="..\..\include\cppunit\TextTestProgressListener.h">
      <Filter>listener</Filter>
    </ClInclude>
    <ClInclude Include="..\..\include\cppunit\TextTestResult.h">
      <Filter>listener</Filter>
    </ClInclude>
    <ClInclude Include="..\..\include\cppunit\ui\text\TestRunner.h">
      <Filter>textui</Filter>
    </ClInclude>
    <ClInclude Include="..\..\include\cppunit\TextTestRunner.h">
      <Filter>textui</Filter>
    </ClInclude>
    <ClInclude Include="..\..\include\cppunit\ui\text\TextTestRunner.h">
      <Filter>textui</Filter>
    </ClInclude>
    <ClInclude Include="..\..\include\cppunit\config\config-bcb5.h">
      <Filter>portability</Filter>
    </ClInclude>
    <ClInclude Include="..\..\include\cppunit\config\config-evc4.h">
      <Filter>portability</Filter>
    </ClInclude>
    <ClInclude Include="..\..\include\cppunit\config\config-mac.h">
      <Filter>portability</Filter>
    </ClInclude>
    <ClInclude Include="..\..\include\cppunit\config\config-msvc6.h">
      <Filter>portability</Filter>
    </ClInclude>
    <ClInclude Include="..\..\include\cppunit\config\CppUnitApi.h">
      <Filter>portability</Filter>
    </ClInclude>
    <ClInclude Include="..\..\include\cppunit\portability\CppUnitDeque.h">
      <Filter>portability</Filter>
    </ClInclude>
    <ClInclude Include="..\..\include\cppunit\portability\CppUnitMap.h">
      <Filter>portability</Filter>
    </ClInclude>
    <ClInclude Include="..\..\include\cppunit\portability\CppUnitSet.h">
      <Filter>portability</Filter>
    </ClInclude>
    <ClInclude Include="..\..\include\cppunit\portability\CppUnitStack.h">
      <Filter>portability</Filter>
    </ClInclude>
    <ClInclude Include="..\..\include\cppunit\portability\CppUnitVector.h">
      <Filter>portability</Filter>
    </ClInclude>
    <ClInclude Include="..\..\include\cppunit\Portability.h">
      <Filter>portability</Filter>
    </ClInclude>
    <ClInclude Include="..\..\include\cppunit\config\SelectDllLoader.h">
      <Filter>portability</Filter>
    </ClInclude>
    <ClInclude Include="..\..\include\cppunit\config\SourcePrefix.h">
      <Filter>portability</Filter>
    </ClInclude>
    <ClInclude Include="..\..\include\cppunit\portability\Stream.h">
      <Filter>portability</Filter>
    </ClInclude>
    <ClInclude Include="..\..\include\cppunit\CompilerOutputter.h">
      <Filter>output</Filter>
    </ClInclude>
    <ClInclude Include="..\..\include\cppunit\Outputter.h">
      <Filter>output</Filter>
    </ClInclude>
    <ClInclude Include="..\..\include\cppunit\TextOutputter.h">
      <Filter>output</Filter>
    </ClInclude>
    <ClInclude Include="..\..\include\cppunit\XmlOutputter.h">
      <Filter>output</Filter>
    </ClInclude>
    <ClInclude Include="..\..\include\cppunit\XmlOutputterHook.h">
      <Filter>output</Filter>
    </ClInclude>
    <ClInclude Include="..\..\include\cppunit\AdditionalMessage.h">
      <Filter>core</Filter>
    </ClInclude>
    <ClInclude Include="..\..\include\cppunit\Asserter.h">
      <Filter>core</Filter>
    </ClInclude>
    <ClInclude Include="..\..\include\cppunit\Exception.h">
      <Filter>core</Filter>
    </ClInclude>
    <ClInclude Include="..\..\include\cppunit\Message.h">
      <Filter>core</Filter>
    </ClInclude>
    <ClInclude Include="..\..\include\cppunit\SourceLine.h">
      <Filter>core</Filter>
    </ClInclude>
    <ClInclude Include="..\..\include\cppunit\SynchronizedObject.h">
      <Filter>core</Filter>
    </ClInclude>
    <ClInclude Include="..\..\include\cppunit\Test.h">
      <Filter>core</Filter>
    </ClInclude>
    <ClInclude Include="..\..\include\cppunit\TestAssert.h">
      <Filter>core</Filter>
    </ClInclude>
    <ClInclude Include="..\..\include\cppunit\TestCase.h">
      <Filter>core</Filter>
    </ClInclude>
    <ClInclude Include="..\..\include\cppunit\TestComposite.h">
      <Filter>core</Filter>
    </ClInclude>
    <ClInclude Include="..\..\include\cppunit\TestFailure.h">
      <Filter>core</Filter>
    </ClInclude>
    <ClInclude Include="..\..\include\cppunit\TestFixture.h">
      <Filter>core</Filter>
    </ClInclude>
    <ClInclude Include="..\..\include\cppunit\TestLeaf.h">
      <Filter>core</Filter>
    </ClInclude>
    <ClInclude Include="..\..\include\cppunit\TestListener.h">
      <Filter>core</Filter>
    </ClInclude>
    <ClInclude Include="..\..\include\cppunit\TestPath.h">
      <Filter>core</Filter>
    </ClInclude>
    <ClInclude Include="..\..\include\cppunit\TestResult.h">
      <Filter>core</Filter>
    </ClInclude>
    <ClInclude Include="..\..\include\cppunit\TestRunner.h">
      <Filter>core</Filter>
    </ClInclude>
    <ClInclude Include="..\..\include\cppunit\TestSuite.h">
      <Filter>core</Filter>
    </ClInclude>
    <ClInclude Include="..\..\include\cppunit\extensions\AutoRegisterSuite.h">
      <Filter>helper</Filter>
    </ClInclude>
    <ClInclude Include="..\..\include\cppunit\extensions\HelperMacros.h">
      <Filter>helper</Filter>
    </ClInclude>
    <ClInclude Include="..\..\include\cppunit\TestCaller.h">
      <Filter>helper</Filter>
    </ClInclude>
    <ClInclude Include="..\..\include\cppunit\extensions\TestFactory.h">
      <Filter>helper</Filter>
    </ClInclude>
    <ClInclude Include="..\..\include\cppunit\extensions\TestFactoryRegistry.h">
      <Filter>helper</Filter>
    </ClInclude>
    <ClInclude Include="..\..\include\cppunit\extensions\TestFixtureFactory.h">
      <Filter>helper</Filter>
    </ClInclude>
    <ClInclude Include="..\..\include\cppunit\extensions\TestNamer.h">
      <Filter>helper</Filter>
    </ClInclude>
    <ClInclude Include="..\..\include\cppunit\extensions\TestSuiteBuilder.h">
      <Filter>helper</Filter>
    </ClInclude>
    <ClInclude Include="..\..\include\cppunit\extensions\TestSuiteBuilderContext.h">
      <Filter>helper</Filter>
    </ClInclude>
    <ClInclude Include="..\..\include\cppunit\extensions\TestSuiteFactory.h">
      <Filter>helper</Filter>
    </ClInclude>
    <ClInclude Include="..\..\include\cppunit\extensions\TypeInfoHelper.h">
      <Filter>helper</Filter>
    </ClInclude>
    <ClInclude Include="..\..\include\cppunit\extensions\ExceptionTestCaseDecorator.h">
      <Filter>extension</Filter>
    </ClInclude>
    <ClInclude Include="..\..\include\cppunit\extensions\Orthodox.h">
      <Filter>extension</Filter>
    </ClInclude>
    <ClInclude Include="..\..\include\cppunit\extensions\RepeatedTest.h">
      <Filter>extension</Filter>
    </ClInclude>
    <ClInclude Include="..\..\include\cppunit\extensions\TestCaseDecorator.h">
      <Filter>extension</Filter>
    </ClInclude>
    <ClInclude Include="..\..\include\cppunit\extensions\TestDecorator.h">
      <Filter>extension</Filter>
    </ClInclude>
    <ClInclude Include="..\..\include\cppunit\extensions\TestSetUp.h">
      <Filter>extension</Filter>
    </ClInclude>
    <ClInclude Include="..\..\include\cppunit\plugin\DynamicLibraryManager.h">
      <Filter>plugin</Filter>
    </ClInclude>
    <ClInclude Include="..\..\include\cppunit\plugin\DynamicLibraryManagerException.h">
      <Filter>plugin</Filter>
    </ClInclude>
    <ClInclude Include="..\..\include\cppunit\plugin\PlugInManager.h">
      <Filter>plugin</Filter>
    </ClInclude>
    <ClInclude Include="..\..\include\cppunit\plugin\PlugInParameters.h">
      <Filter>plugin</Filter>
    </ClInclude>
    <ClInclude Include="..\..\include\cppunit\plugin\TestPlugIn.h">
      <Filter>plugin</Filter>
    </ClInclude>
    <ClInclude Include="..\..\include\cppunit\plugin\TestPlugInDefaultImpl.h">
      <Filter>plugin</Filter>
    </ClInclude>
    <ClInclude Include="..\..\include\cppunit\tools\Algorithm.h">
      <Filter>tools</Filter>
    </ClInclude>
    <ClInclude Include="..\..\include\cppunit\tools\StringTools.h">
      <Filter>tools</Filter>
    </ClInclude>
    <ClInclude Include="..\..\include\cppunit\tools\XmlDocument.h">
      <Filter>tools</Filter>
    </ClInclude>
    <ClInclude Include="..\..\include\cppunit\tools\XmlElement.h">
      <Filter>tools</Filter>
    </ClInclude>
    <ClInclude Include="DefaultProtector.h">
      <Filter>protector</Filter>
    </ClInclude>
    <ClInclude Include="..\..\include\cppunit\Protector.h">
      <Filter>protector</Filter>
    </ClInclude>
    <ClInclude Include="ProtectorChain.h">
      <Filter>protector</Filter>
    </ClInclude>
    <ClInclude Include="ProtectorContext.h">
      <Filter>protector</Filter>
    </ClInclude>
  </ItemGroup>
  <ItemGroup>
    <CustomBuild Include="..\..\ChangeLog">
      <Filter>documentation</Filter>
    </CustomBuild>
    <CustomBuild Include="..\..\doc\cookbook.dox">
      <Filter>documentation</Filter>
    </CustomBuild>
    <CustomBuild Include="..\..\doc\FAQ">
      <Filter>documentation</Filter>
    </CustomBuild>
    <CustomBuild Include="..\..\INSTALL-unix">
      <Filter>documentation</Filter>
    </CustomBuild>
    <CustomBuild Include="..\..\doc\Money.dox">
      <Filter>documentation</Filter>
    </CustomBuild>
    <CustomBuild Include="..\..\NEWS">
      <Filter>documentation</Filter>
    </CustomBuild>
    <CustomBuild Include="..\..\doc\other_documentation.dox">
      <Filter>documentation</Filter>
    </CustomBuild>
    <CustomBuild Include="..\..\THANKS">
      <Filter>documentation</Filter>
    </CustomBuild>
    <CustomBuild Include="..\..\TODO">
      <Filter>documentation</Filter>
    </CustomBuild>
    <CustomBuild Include="..\..\configure.in" />
    <CustomBuild Include="..\..\include\cppunit\Makefile.am" />
    <CustomBuild Include="Makefile.am" />
  </ItemGroup>
</Project>